
Microsoft Visual Studio Solution File, Format Version 12.00
# Visual Studio Version 16
VisualStudioVersion = 16.0.30413.136
MinimumVisualStudioVersion = 10.0.40219.1
Project("{9A19103F-16F7-4668-BE54-9A1E7A4F7556}") = "Forum.WebApp", "Forum.WebApp\Forum.WebApp.csproj", "{B2D893F1-7FE5-48E3-AF28-F1BADAF48BDD}"
EndProject
Project("{9A19103F-16F7-4668-BE54-9A1E7A4F7556}") = "Forum.DataAccess", "Forum.DataAccess\Forum.DataAccess.csproj", "{0A8E720A-4B82-47B6-9AC4-25948989A3A3}"
EndProject
Project("{9A19103F-16F7-4668-BE54-9A1E7A4F7556}") = "Forum.DomainClasses", "Forum.DomainClasses\Forum.DomainClasses.csproj", "{4EB7FB73-EBA0-41D7-BA5E-C619FD7A217B}"
EndProject
Project("{9A19103F-16F7-4668-BE54-9A1E7A4F7556}") = "Forum.Services", "Forum.Services\Forum.Services.csproj", "{7CFF1F1A-E4C2-4A64-8AC0-196D6EBEEA37}"
EndProject
Project("{9A19103F-16F7-4668-BE54-9A1E7A4F7556}") = "Forum.Dto", "Forum.Dto\Forum.Dto.csproj", "{22E44E17-699C-461B-AC8E-AD8E62700858}"
EndProject
Project("{9A19103F-16F7-4668-BE54-9A1E7A4F7556}") = "Forum.ViewModels", "Forum.ViewModels\Forum.ViewModels.csproj", "{1F55D511-56F0-42D4-9500-719EA8DD5430}"
EndProject
Project("{FAE04EC0-301F-11D3-BF4B-00C04F79EFBC}") = "Forum.Tests", "Forum.Tests\Forum.Tests.csproj", "{BF686762-1DD4-4FE7-A235-A58AF641B51D}"
EndProject
Global
	GlobalSection(SolutionConfigurationPlatforms) = preSolution
		Debug|Any CPU = Debug|Any CPU
		Release|Any CPU = Release|Any CPU
	EndGlobalSection
	GlobalSection(ProjectConfigurationPlatforms) = postSolution
		{B2D893F1-7FE5-48E3-AF28-F1BADAF48BDD}.Debug|Any CPU.ActiveCfg = Debug|Any CPU
		{B2D893F1-7FE5-48E3-AF28-F1BADAF48BDD}.Debug|Any CPU.Build.0 = Debug|Any CPU
		{B2D893F1-7FE5-48E3-AF28-F1BADAF48BDD}.Release|Any CPU.ActiveCfg = Release|Any CPU
		{B2D893F1-7FE5-48E3-AF28-F1BADAF48BDD}.Release|Any CPU.Build.0 = Release|Any CPU
		{0A8E720A-4B82-47B6-9AC4-25948989A3A3}.Debug|Any CPU.ActiveCfg = Debug|Any CPU
		{0A8E720A-4B82-47B6-9AC4-25948989A3A3}.Debug|Any CPU.Build.0 = Debug|Any CPU
		{0A8E720A-4B82-47B6-9AC4-25948989A3A3}.Release|Any CPU.ActiveCfg = Release|Any CPU
		{0A8E720A-4B82-47B6-9AC4-25948989A3A3}.Release|Any CPU.Build.0 = Release|Any CPU
		{4EB7FB73-EBA0-41D7-BA5E-C619FD7A217B}.Debug|Any CPU.ActiveCfg = Debug|Any CPU
		{4EB7FB73-EBA0-41D7-BA5E-C619FD7A217B}.Debug|Any CPU.Build.0 = Debug|Any CPU
		{4EB7FB73-EBA0-41D7-BA5E-C619FD7A217B}.Release|Any CPU.ActiveCfg = Release|Any CPU
		{4EB7FB73-EBA0-41D7-BA5E-C619FD7A217B}.Release|Any CPU.Build.0 = Release|Any CPU
		{7CFF1F1A-E4C2-4A64-8AC0-196D6EBEEA37}.Debug|Any CPU.ActiveCfg = Debug|Any CPU
		{7CFF1F1A-E4C2-4A64-8AC0-196D6EBEEA37}.Debug|Any CPU.Build.0 = Debug|Any CPU
		{7CFF1F1A-E4C2-4A64-8AC0-196D6EBEEA37}.Release|Any CPU.ActiveCfg = Release|Any CPU
		{7CFF1F1A-E4C2-4A64-8AC0-196D6EBEEA37}.Release|Any CPU.Build.0 = Release|Any CPU
		{22E44E17-699C-461B-AC8E-AD8E62700858}.Debug|Any CPU.ActiveCfg = Debug|Any CPU
		{22E44E17-699C-461B-AC8E-AD8E62700858}.Debug|Any CPU.Build.0 = Debug|Any CPU
		{22E44E17-699C-461B-AC8E-AD8E62700858}.Release|Any CPU.ActiveCfg = Release|Any CPU
		{22E44E17-699C-461B-AC8E-AD8E62700858}.Release|Any CPU.Build.0 = Release|Any CPU
		{1F55D511-56F0-42D4-9500-719EA8DD5430}.Debug|Any CPU.ActiveCfg = Debug|Any CPU
		{1F55D511-56F0-42D4-9500-719EA8DD5430}.Debug|Any CPU.Build.0 = Debug|Any CPU
		{1F55D511-56F0-42D4-9500-719EA8DD5430}.Release|Any CPU.ActiveCfg = Release|Any CPU
		{1F55D511-56F0-42D4-9500-719EA8DD5430}.Release|Any CPU.Build.0 = Release|Any CPU
		{BF686762-1DD4-4FE7-A235-A58AF641B51D}.Debug|Any CPU.ActiveCfg = Debug|Any CPU
		{BF686762-1DD4-4FE7-A235-A58AF641B51D}.Debug|Any CPU.Build.0 = Debug|Any CPU
		{BF686762-1DD4-4FE7-A235-A58AF641B51D}.Release|Any CPU.ActiveCfg = Release|Any CPU
		{BF686762-1DD4-4FE7-A235-A58AF641B51D}.Release|Any CPU.Build.0 = Release|Any CPU
	EndGlobalSection
	GlobalSection(SolutionProperties) = preSolution
		HideSolutionNode = FALSE
	EndGlobalSection
	GlobalSection(ExtensibilityGlobals) = postSolution
		SolutionGuid = {B7968B63-B5D6-4AA6-B8FB-C30BD4470FFC}
	EndGlobalSection
EndGlobal
